
Microsoft Visual Studio Solution File, Format Version 12.00
# Visual Studio 2013
VisualStudioVersion = 12.0.31101.0
MinimumVisualStudioVersion = 10.0.40219.1
Project("{FAE04EC0-301F-11D3-BF4B-00C04F79EFBC}") = "WordpressAutomation", "WordpressAutomation\WordpressAutomation.csproj", "{5F26A79B-38A4-4C3E-9C01-D3B66931C6E2}"
EndProject
Project("{FAE04EC0-301F-11D3-BF4B-00C04F79EFBC}") = "WordPressTests", "WordPressTests\WordPressTests.csproj", "{116E41DC-A164-45E6-B63D-B42F9E7338FA}"
EndProject
Global
	GlobalSection(SolutionConfigurationPlatforms) = preSolution
		Debug|Any CPU = Debug|Any CPU
		Release|Any CPU = Release|Any CPU
	EndGlobalSection
	GlobalSection(ProjectConfigurationPlatforms) = postSolution
		{5F26A79B-38A4-4C3E-9C01-D3B66931C6E2}.Debug|Any CPU.ActiveCfg = Debug|Any CPU
		{5F26A79B-38A4-4C3E-9C01-D3B66931C6E2}.Debug|Any CPU.Build.0 = Debug|Any CPU
		{5F26A79B-38A4-4C3E-9C01-D3B66931C6E2}.Release|Any CPU.ActiveCfg = Release|Any CPU
		{5F26A79B-38A4-4C3E-9C01-D3B66931C6E2}.Release|Any CPU.Build.0 = Release|Any CPU
		{116E41DC-A164-45E6-B63D-B42F9E7338FA}.Debug|Any CPU.ActiveCfg = Debug|Any CPU
		{116E41DC-A164-45E6-B63D-B42F9E7338FA}.Debug|Any CPU.Build.0 = Debug|Any CPU
		{116E41DC-A164-45E6-B63D-B42F9E7338FA}.Release|Any CPU.ActiveCfg = Release|Any CPU
		{116E41DC-A164-45E6-B63D-B42F9E7338FA}.Release|Any CPU.Build.0 = Release|Any CPU
	EndGlobalSection
	GlobalSection(SolutionProperties) = preSolution
		HideSolutionNode = FALSE
	EndGlobalSection
EndGlobal
